# This file is generated by running "yarn install" inside your project.
# Manual changes might be lost - proceed with caution!

__metadata:
  version: 8
  cacheKey: 10c0

"jfrog-cli-tests@workspace:.":
  version: 0.0.0-use.local
  resolution: "jfrog-cli-tests@workspace:."
  dependencies:
    json: "npm:9.0.6"
    xml: "npm:1.0.1"
  languageName: unknown
  linkType: soft

"json@npm:9.0.6":
  version: 9.0.6
  resolution: "json@npm:9.0.6"
  bin:
    json: ./lib/json.js
  checksum: 10c0/02bfeb513c2fbec6b7c47766fc7644371f135648a7b2a1a6b676381475142f7eeb966224efc9f35db1b5e509b87875b6ab8379caaae71675af758b7f979e7d90
  languageName: node
  linkType: hard

"xml@npm:1.0.1":
  version: 1.0.1
  resolution: "xml@npm:1.0.1"
  checksum: 10c0/04bcc9b8b5e7b49392072fbd9c6b0f0958bd8e8f8606fee460318e43991349a68cbc5384038d179ff15aef7d222285f69ca0f067f53d071084eb14c7fdb30411
  languageName: node
  linkType: hard
