# This file is automatically @generated by Poetry 1.8.3 and should not be changed by hand.

[[package]]
name = "packaging"
version = "23.1"
description = "Core utilities for Python packages"
optional = false
python-versions = ">=3.7"
files = [
    {file = "packaging-23.1-py3-none-any.whl", hash = "sha256:994793af429502c4ea2ebf6bf664629d07c1a9fe974af6d09a69b745f507db5b"},
    {file = "packaging-23.1.tar.gz", hash = "sha256:a392980d2b6cffa644431898be54b0045151319d1e7ec34f0cfed48767dd334f"},
]

[metadata]
lock-version = "2.0"
python-versions = "^3.10"
content-hash = "6f9a3d97e8a63e84a7b80fd9cf8b7f8a6a3b1c2d4e5f6a7b8c9d0e1f2a3b4c5d"
