# This file is generated by running "yarn install" inside your project.
# Manual changes might be lost - proceed with caution!

__metadata:
  version: 4
  cacheKey: 7

"xml@npm:1.0.1":
  version: 1.0.1
  resolution: "xml@npm:1.0.1"
  languageName: node
  linkType: hard

"yarn-remediation-v2@workspace:.":
  version: 0.0.0-use.local
  resolution: "yarn-remediation-v2@workspace:."
  dependencies:
    xml: 1.0.1
  languageName: unknown
  linkType: soft
