# This file is generated by running "yarn install" inside your project.
# Manual changes might be lost - proceed with caution!

__metadata:
  version: 8
  cacheKey: 10c0

"minimist@npm:1.2.5":
  version: 1.2.5
  resolution: "minimist@npm:1.2.5"
  checksum: 10c0/c143b0c199af4df7a55c7a37b6465cdd438acdc6a3a345ba0fe9d94dfcc2042263f650879bc73be607c843deeaeaadf39c864e55bc6d80b36a025eca1a062ee7
  languageName: node
  linkType: hard

"yarn-remediation-v4@workspace:.":
  version: 0.0.0-use.local
  resolution: "yarn-remediation-v4@workspace:."
  dependencies:
    minimist: "npm:1.2.5"
  languageName: unknown
  linkType: soft
