lockfileVersion: '9.0'

settings:
  autoInstallPeers: false
  dedupePeers: true
  excludeLinksFromLockfile: false

overrides:
  rolldown: 1.0.3

packageExtensionsChecksum: sha256-Tldxs3DhJEw/FFBonUidqhCBqApA0zxQnop3Y+BTO3U=

patchedDependencies:
  chokidar@3.6.0:
    hash: 8a4f9e2b397e6034b91a0508faae3cecb97f222313faa129d7cb0eb71e9d0e84
    path: patches/chokidar@3.6.0.patch
  dotenv-expand@13.0.0:
    hash: 49330a663821151418e003e822a82a6a61d2f0f8a6e3cab00c1c94815a112889
    path: patches/dotenv-expand@13.0.0.patch
  sirv@3.0.2:
    hash: c07c56eb72faea34341d465cde2314e89db472106ed378181e3447893af6bf95
    path: patches/sirv@3.0.2.patch

importers:
  .:
    devDependencies:
      '@types/node':
        specifier: ^24.12.4
        version: 24.12.4
      eslint:
        specifier: ^9.39.4
        version: 9.39.4(jiti@2.6.1)(ms@2.1.3)
  packages/vite:
    dependencies:
      rolldown:
        specifier: 1.0.3
        version: 1.0.3
  packages/create-vite:
    devDependencies:
      cross-spawn:
        specifier: ^7.0.6
        version: 7.0.6

snapshots:
  cross-spawn@7.0.6: {}
  rolldown@1.0.3: {}
  '@types/node@24.12.4': {}
  eslint@9.39.4(jiti@2.6.1)(ms@2.1.3): {}
