{
  "version": 1,
  "dependencies": {
    "net8.0": {
      "Newtonsoft.Json": {
        "type": "Direct",
        "requested": "[11.0.1, )",
        "resolved": "11.0.1",
        "contentHash": "6mgjfnRB4jKMlzHSl+VD+Fk4tsfGyu+CBjBTP1sOnCPQ7z+H5DwCZjxr75tGD1jXTAcgwmttSaTgWJ0t9Uu9jA=="
      }
    }
  }
}
